
Microsoft Visual Studio Solution File, Format Version 12.00
# Visual Studio 15
VisualStudioVersion = 15.0.28307.271
MinimumVisualStudioVersion = 10.0.40219.1
Project("{9A19103F-16F7-4668-BE54-9A1E7A4F7556}") = "cXMLHandler", "cXMLHandler\cXMLHandler.csproj", "{5E4CC417-B7E5-4608-8BF7-AA3AE4AB3ACC}"
EndProject
Project("{9A19103F-16F7-4668-BE54-9A1E7A4F7556}") = "cXMLHandler.Tests", "cXMLHandler.Tests\cXMLHandler.Tests.csproj", "{31BC52A2-1A8C-48D0-AAE4-6E63750F15D1}"
EndProject
Project("{FAE04EC0-301F-11D3-BF4B-00C04F79EFBC}") = "cXMLHandler.Parser", "cXMLHandler.Parser\cXMLHandler.Parser.csproj", "{9028F5E8-9ED8-4539-9FFF-B336BA7331EB}"
EndProject
Global
	GlobalSection(SolutionConfigurationPlatforms) = preSolution
		Debug|Any CPU = Debug|Any CPU
		Release|Any CPU = Release|Any CPU
	EndGlobalSection
	GlobalSection(ProjectConfigurationPlatforms) = postSolution
		{5E4CC417-B7E5-4608-8BF7-AA3AE4AB3ACC}.Debug|Any CPU.ActiveCfg = Debug|Any CPU
		{5E4CC417-B7E5-4608-8BF7-AA3AE4AB3ACC}.Debug|Any CPU.Build.0 = Debug|Any CPU
		{5E4CC417-B7E5-4608-8BF7-AA3AE4AB3ACC}.Release|Any CPU.ActiveCfg = Release|Any CPU
		{5E4CC417-B7E5-4608-8BF7-AA3AE4AB3ACC}.Release|Any CPU.Build.0 = Release|Any CPU
		{31BC52A2-1A8C-48D0-AAE4-6E63750F15D1}.Debug|Any CPU.ActiveCfg = Debug|Any CPU
		{31BC52A2-1A8C-48D0-AAE4-6E63750F15D1}.Debug|Any CPU.Build.0 = Debug|Any CPU
		{31BC52A2-1A8C-48D0-AAE4-6E63750F15D1}.Release|Any CPU.ActiveCfg = Release|Any CPU
		{31BC52A2-1A8C-48D0-AAE4-6E63750F15D1}.Release|Any CPU.Build.0 = Release|Any CPU
		{9028F5E8-9ED8-4539-9FFF-B336BA7331EB}.Debug|Any CPU.ActiveCfg = Debug|Any CPU
		{9028F5E8-9ED8-4539-9FFF-B336BA7331EB}.Debug|Any CPU.Build.0 = Debug|Any CPU
		{9028F5E8-9ED8-4539-9FFF-B336BA7331EB}.Release|Any CPU.ActiveCfg = Release|Any CPU
		{9028F5E8-9ED8-4539-9FFF-B336BA7331EB}.Release|Any CPU.Build.0 = Release|Any CPU
	EndGlobalSection
	GlobalSection(SolutionProperties) = preSolution
		HideSolutionNode = FALSE
	EndGlobalSection
	GlobalSection(ExtensibilityGlobals) = postSolution
		SolutionGuid = {C367B7A5-D611-4FC4-8C51-541E2EE30DE0}
	EndGlobalSection
EndGlobal
